
Microsoft Visual Studio Solution File, Format Version 12.00
# Visual Studio Version 17
VisualStudioVersion = 17.0.31912.275
MinimumVisualStudioVersion = 10.0.40219.1
Project("{FAE04EC0-301F-11D3-BF4B-00C04F79EFBC}") = "Electronics", "Electronics\Electronics.csproj", "{1BA41C9A-EB5B-437D-81F0-F21685BC5A67}"
EndProject
Global
	GlobalSection(SolutionConfigurationPlatforms) = preSolution
		Debug|Any CPU = Debug|Any CPU
		Release|Any CPU = Release|Any CPU
	EndGlobalSection
	GlobalSection(ProjectConfigurationPlatforms) = postSolution
		{1BA41C9A-EB5B-437D-81F0-F21685BC5A67}.Debug|Any CPU.ActiveCfg = Debug|Any CPU
		{1BA41C9A-EB5B-437D-81F0-F21685BC5A67}.Debug|Any CPU.Build.0 = Debug|Any CPU
		{1BA41C9A-EB5B-437D-81F0-F21685BC5A67}.Release|Any CPU.ActiveCfg = Release|Any CPU
		{1BA41C9A-EB5B-437D-81F0-F21685BC5A67}.Release|Any CPU.Build.0 = Release|Any CPU
	EndGlobalSection
	GlobalSection(SolutionProperties) = preSolution
		HideSolutionNode = FALSE
	EndGlobalSection
	GlobalSection(ExtensibilityGlobals) = postSolution
		SolutionGuid = {E8C18ED0-C633-4570-9D60-84B250A2D99E}
	EndGlobalSection
EndGlobal
